
Microsoft Visual Studio Solution File, Format Version 12.00
# Visual Studio Version 17
VisualStudioVersion = 17.8.34525.116
MinimumVisualStudioVersion = 10.0.40219.1
Project("{9A19103F-16F7-4668-BE54-9A1E7A4F7556}") = "client", "chat\client.csproj", "{6BB45C27-2625-4A50-912B-B1CB43647B9F}"
EndProject
Project("{9A19103F-16F7-4668-BE54-9A1E7A4F7556}") = "Server", "Server\Server.csproj", "{44EFC0D5-51A2-4118-9671-0EA3FCD807F6}"
EndProject
Global
	GlobalSection(SolutionConfigurationPlatforms) = preSolution
		Debug|Any CPU = Debug|Any CPU
		Release|Any CPU = Release|Any CPU
	EndGlobalSection
	GlobalSection(ProjectConfigurationPlatforms) = postSolution
		{6BB45C27-2625-4A50-912B-B1CB43647B9F}.Debug|Any CPU.ActiveCfg = Debug|Any CPU
		{6BB45C27-2625-4A50-912B-B1CB43647B9F}.Debug|Any CPU.Build.0 = Debug|Any CPU
		{6BB45C27-2625-4A50-912B-B1CB43647B9F}.Release|Any CPU.ActiveCfg = Release|Any CPU
		{6BB45C27-2625-4A50-912B-B1CB43647B9F}.Release|Any CPU.Build.0 = Release|Any CPU
		{44EFC0D5-51A2-4118-9671-0EA3FCD807F6}.Debug|Any CPU.ActiveCfg = Debug|Any CPU
		{44EFC0D5-51A2-4118-9671-0EA3FCD807F6}.Debug|Any CPU.Build.0 = Debug|Any CPU
		{44EFC0D5-51A2-4118-9671-0EA3FCD807F6}.Release|Any CPU.ActiveCfg = Release|Any CPU
		{44EFC0D5-51A2-4118-9671-0EA3FCD807F6}.Release|Any CPU.Build.0 = Release|Any CPU
	EndGlobalSection
	GlobalSection(SolutionProperties) = preSolution
		HideSolutionNode = FALSE
	EndGlobalSection
	GlobalSection(ExtensibilityGlobals) = postSolution
		SolutionGuid = {34AA531C-CAF1-467E-90FB-2C46BC558F7E}
	EndGlobalSection
EndGlobal
